
Microsoft Visual Studio Solution File, Format Version 12.00
# Visual Studio Version 16
VisualStudioVersion = 16.0.31112.23
MinimumVisualStudioVersion = 10.0.40219.1
Project("{FAE04EC0-301F-11D3-BF4B-00C04F79EFBC}") = "QLVTHH", "QLVTHH.csproj", "{AAEFBE31-0EC8-48E4-881E-53A879C1AD4D}"
EndProject
Global
	GlobalSection(SolutionConfigurationPlatforms) = preSolution
		Debug|Any CPU = Debug|Any CPU
		Release|Any CPU = Release|Any CPU
	EndGlobalSection
	GlobalSection(ProjectConfigurationPlatforms) = postSolution
		{AAEFBE31-0EC8-48E4-881E-53A879C1AD4D}.Debug|Any CPU.ActiveCfg = Debug|Any CPU
		{AAEFBE31-0EC8-48E4-881E-53A879C1AD4D}.Debug|Any CPU.Build.0 = Debug|Any CPU
		{AAEFBE31-0EC8-48E4-881E-53A879C1AD4D}.Release|Any CPU.ActiveCfg = Release|Any CPU
		{AAEFBE31-0EC8-48E4-881E-53A879C1AD4D}.Release|Any CPU.Build.0 = Release|Any CPU
	EndGlobalSection
	GlobalSection(SolutionProperties) = preSolution
		HideSolutionNode = FALSE
	EndGlobalSection
	GlobalSection(ExtensibilityGlobals) = postSolution
		SolutionGuid = {147BC543-E38F-41A8-96A0-71ACF937C481}
	EndGlobalSection
EndGlobal
